
Microsoft Visual Studio Solution File, Format Version 12.00
# Visual Studio 15
VisualStudioVersion = 15.0.27428.2037
MinimumVisualStudioVersion = 10.0.40219.1
Project("{8BC9CEB8-8B4A-11D0-8D11-00A0C91BC942}") = "Triangulation", "Triangulation\Triangulation.vcxproj", "{AB40B6B2-0FCD-4670-99CE-707EEA89B97B}"
EndProject
Project("{8BC9CEB8-8B4A-11D0-8D11-00A0C91BC942}") = "GoogleTest", "GoogleTest\GoogleTest.vcxproj", "{B9876A94-29D0-467D-B372-A0137132F3A3}"
EndProject
Project("{8BC9CEB8-8B4A-11D0-8D11-00A0C91BC942}") = "unittest_Triangulation", "unittest_Triangulation\unittest_Triangulation.vcxproj", "{37D052B4-E031-4924-8493-A3892CA54B46}"
EndProject
Global
	GlobalSection(SolutionConfigurationPlatforms) = preSolution
		Debug|x64 = Debug|x64
		Debug|x86 = Debug|x86
		Release|x64 = Release|x64
		Release|x86 = Release|x86
	EndGlobalSection
	GlobalSection(ProjectConfigurationPlatforms) = postSolution
		{AB40B6B2-0FCD-4670-99CE-707EEA89B97B}.Debug|x64.ActiveCfg = Debug|x64
		{AB40B6B2-0FCD-4670-99CE-707EEA89B97B}.Debug|x64.Build.0 = Debug|x64
		{AB40B6B2-0FCD-4670-99CE-707EEA89B97B}.Debug|x86.ActiveCfg = Debug|Win32
		{AB40B6B2-0FCD-4670-99CE-707EEA89B97B}.Debug|x86.Build.0 = Debug|Win32
		{AB40B6B2-0FCD-4670-99CE-707EEA89B97B}.Release|x64.ActiveCfg = Release|x64
		{AB40B6B2-0FCD-4670-99CE-707EEA89B97B}.Release|x64.Build.0 = Release|x64
		{AB40B6B2-0FCD-4670-99CE-707EEA89B97B}.Release|x86.ActiveCfg = Release|Win32
		{AB40B6B2-0FCD-4670-99CE-707EEA89B97B}.Release|x86.Build.0 = Release|Win32
		{B9876A94-29D0-467D-B372-A0137132F3A3}.Debug|x64.ActiveCfg = Debug|x64
		{B9876A94-29D0-467D-B372-A0137132F3A3}.Debug|x64.Build.0 = Debug|x64
		{B9876A94-29D0-467D-B372-A0137132F3A3}.Debug|x86.ActiveCfg = Debug|Win32
		{B9876A94-29D0-467D-B372-A0137132F3A3}.Debug|x86.Build.0 = Debug|Win32
		{B9876A94-29D0-467D-B372-A0137132F3A3}.Release|x64.ActiveCfg = Release|x64
		{B9876A94-29D0-467D-B372-A0137132F3A3}.Release|x64.Build.0 = Release|x64
		{B9876A94-29D0-467D-B372-A0137132F3A3}.Release|x86.ActiveCfg = Release|Win32
		{B9876A94-29D0-467D-B372-A0137132F3A3}.Release|x86.Build.0 = Release|Win32
		{37D052B4-E031-4924-8493-A3892CA54B46}.Debug|x64.ActiveCfg = Debug|x64
		{37D052B4-E031-4924-8493-A3892CA54B46}.Debug|x64.Build.0 = Debug|x64
		{37D052B4-E031-4924-8493-A3892CA54B46}.Debug|x86.ActiveCfg = Debug|Win32
		{37D052B4-E031-4924-8493-A3892CA54B46}.Debug|x86.Build.0 = Debug|Win32
		{37D052B4-E031-4924-8493-A3892CA54B46}.Release|x64.ActiveCfg = Release|x64
		{37D052B4-E031-4924-8493-A3892CA54B46}.Release|x64.Build.0 = Release|x64
		{37D052B4-E031-4924-8493-A3892CA54B46}.Release|x86.ActiveCfg = Release|Win32
		{37D052B4-E031-4924-8493-A3892CA54B46}.Release|x86.Build.0 = Release|Win32
	EndGlobalSection
	GlobalSection(SolutionProperties) = preSolution
		HideSolutionNode = FALSE
	EndGlobalSection
	GlobalSection(ExtensibilityGlobals) = postSolution
		SolutionGuid = {6EDE535A-A225-4053-8DF8-1E81F3C6E689}
	EndGlobalSection
EndGlobal
